// !$*UTF8*$!
{
	archiveVersion = 1;
	classes = {
	};
	objectVersion = 50;
	objects = {

/* Begin PBXBuildFile section */
		5608C7222250E31D00664510 /* MessageCell.swift in Sources */ = {isa = PBXBuildFile; fileRef = 5608C7212250E31D00664510 /* MessageCell.swift */; };
		567E156E224E7CD900CC7782 /* AppDelegate.swift in Sources */ = {isa = PBXBuildFile; fileRef = 567E156D224E7CD900CC7782 /* AppDelegate.swift */; };
		567E1570224E7CD900CC7782 /* ViewController.swift in Sources */ = {isa = PBXBuildFile; fileRef = 567E156F224E7CD900CC7782 /* ViewController.swift */; };
		567E1573224E7CD900CC7782 /* Main.storyboard in Resources */ = {isa = PBXBuildFile; fileRef = 567E1571224E7CD900CC7782 /* Main.storyboard */; };
		567E1575224E7CDB00CC7782 /* Assets.xcassets in Resources */ = {isa = PBXBuildFile; fileRef = 567E1574224E7CDB00CC7782 /* Assets.xcassets */; };
		567E1578224E7CDB00CC7782 /* LaunchScreen.storyboard in Resources */ = {isa = PBXBuildFile; fileRef = 567E1576224E7CDB00CC7782 /* LaunchScreen.storyboard */; };
		5689F7482252827D001ADCCA /* DateHeaderLabel.swift in Sources */ = {isa = PBXBuildFile; fileRef = 5689F7472252827D001ADCCA /* DateHeaderLabel.swift */; };
/* End PBXBuildFile section */

/* Begin PBXFileReference section */
		5608C7212250E31D00664510 /* MessageCell.swift */ = {isa = PBXFileReference; lastKnownFileType = sourcecode.swift; path = MessageCell.swift; sourceTree = "<group>"; };
		567E156A224E7CD900CC7782 /* GroupedMessage.app */ = {isa = PBXFileReference; explicitFileType = wrapper.application; includeInIndex = 0; path = GroupedMessage.app; sourceTree = BUILT_PRODUCTS_DIR; };
		567E156D224E7CD900CC7782 /* AppDelegate.swift */ = {isa = PBXFileReference; lastKnownFileType = sourcecode.swift; path = AppDelegate.swift; sourceTree = "<group>"; };
		567E156F224E7CD900CC7782 /* ViewController.swift */ = {isa = PBXFileReference; lastKnownFileType = sourcecode.swift; path = ViewController.swift; sourceTree = "<group>"; };
		567E1572224E7CD900CC7782 /* Base */ = {isa = PBXFileReference; lastKnownFileType = file.storyboard; name = Base; path = Base.lproj/Main.storyboard; sourceTree = "<group>"; };
		567E1574224E7CDB00CC7782 /* Assets.xcassets */ = {isa = PBXFileReference; lastKnownFileType = folder.assetcatalog; path = Assets.xcassets; sourceTree = "<group>"; };
		567E1577224E7CDB00CC7782 /* Base */ = {isa = PBXFileReference; lastKnownFileType = file.storyboard; name = Base; path = Base.lproj/LaunchScreen.storyboard; sourceTree = "<group>"; };
		567E1579224E7CDB00CC7782 /* Info.plist */ = {isa = PBXFileReference; lastKnownFileType = text.plist.xml; path = Info.plist; sourceTree = "<group>"; };
		5689F7472252827D001ADCCA /* DateHeaderLabel.swift */ = {isa = PBXFileReference; lastKnownFileType = sourcecode.swift; path = DateHeaderLabel.swift; sourceTree = "<group>"; };
/* End PBXFileReference section */

/* Begin PBXFrameworksBuildPhase section */
		567E1567224E7CD900CC7782 /* Frameworks */ = {
			isa = PBXFrameworksBuildPhase;
			buildActionMask = 2147483647;
			files = (
			);
			runOnlyForDeploymentPostprocessing = 0;
		};
/* End PBXFrameworksBuildPhase section */

/* Begin PBXGroup section */
		567E1561224E7CD900CC7782 = {
			isa = PBXGroup;
			children = (
				567E156C224E7CD900CC7782 /* GroupedMessage */,
				567E156B224E7CD900CC7782 /* Products */,
			);
			sourceTree = "<group>";
		};
		567E156B224E7CD900CC7782 /* Products */ = {
			isa = PBXGroup;
			children = (
				567E156A224E7CD900CC7782 /* GroupedMessage.app */,
			);
			name = Products;
			sourceTree = "<group>";
		};
		567E156C224E7CD900CC7782 /* GroupedMessage */ = {
			isa = PBXGroup;
			children = (
				567E156D224E7CD900CC7782 /* AppDelegate.swift */,
				567E156F224E7CD900CC7782 /* ViewController.swift */,
				567E1571224E7CD900CC7782 /* Main.storyboard */,
				5689F7472252827D001ADCCA /* DateHeaderLabel.swift */,
				567E1574224E7CDB00CC7782 /* Assets.xcassets */,
				567E1576224E7CDB00CC7782 /* LaunchScreen.storyboard */,
				567E1579224E7CDB00CC7782 /* Info.plist */,
				5608C7212250E31D00664510 /* MessageCell.swift */,
			);
			path = GroupedMessage;
			sourceTree = "<group>";
		};
/* End PBXGroup section */

/* Begin PBXNativeTarget section */
		567E1569224E7CD900CC7782 /* GroupedMessage */ = {
			isa = PBXNativeTarget;
			buildConfigurationList = 567E157C224E7CDB00CC7782 /* Build configuration list for PBXNativeTarget "GroupedMessage" */;
			buildPhases = (
				567E1566224E7CD900CC7782 /* Sources */,
				567E1567224E7CD900CC7782 /* Frameworks */,
				567E1568224E7CD900CC7782 /* Resources */,
			);
			buildRules = (
			);
			dependencies = (
			);
			name = GroupedMessage;
			productName = GroupedMessage;
			productReference = 567E156A224E7CD900CC7782 /* GroupedMessage.app */;
			productType = "com.apple.product-type.application";
		};
/* End PBXNativeTarget section */

/* Begin PBXProject section */
		567E1562224E7CD900CC7782 /* Project object */ = {
			isa = PBXProject;
			attributes = {
				LastSwiftUpdateCheck = 1020;
				LastUpgradeCheck = 1020;
				ORGANIZATIONNAME = someThing;
				TargetAttributes = {
					567E1569224E7CD900CC7782 = {
						CreatedOnToolsVersion = 10.2;
					};
				};
			};
			buildConfigurationList = 567E1565224E7CD900CC7782 /* Build configuration list for PBXProject "GroupedMessage" */;
			compatibilityVersion = "Xcode 9.3";
			developmentRegion = en;
			hasScannedForEncodings = 0;
			knownRegions = (
				en,
				Base,
			);
			mainGroup = 567E1561224E7CD900CC7782;
			productRefGroup = 567E156B224E7CD900CC7782 /* Products */;
			projectDirPath = "";
			projectRoot = "";
			targets = (
				567E1569224E7CD900CC7782 /* GroupedMessage */,
			);
		};
/* End PBXProject section */

/* Begin PBXResourcesBuildPhase section */
		567E1568224E7CD900CC7782 /* Resources */ = {
			isa = PBXResourcesBuildPhase;
			buildActionMask = 2147483647;
			files = (
				567E1578224E7CDB00CC7782 /* LaunchScreen.storyboard in Resources */,
				567E1575224E7CDB00CC7782 /* Assets.xcassets in Resources */,
				567E1573224E7CD900CC7782 /* Main.storyboard in Resources */,
			);
			runOnlyForDeploymentPostprocessing = 0;
		};
/* End PBXResourcesBuildPhase section */

/* Begin PBXSourcesBuildPhase section */
		567E1566224E7CD900CC7782 /* Sources */ = {
			isa = PBXSourcesBuildPhase;
			buildActionMask = 2147483647;
			files = (
				567E1570224E7CD900CC7782 /* ViewController.swift in Sources */,
				567E156E224E7CD900CC7782 /* AppDelegate.swift in Sources */,
				5608C7222250E31D00664510 /* MessageCell.swift in Sources */,
				5689F7482252827D001ADCCA /* DateHeaderLabel.swift in Sources */,
			);
			runOnlyForDeploymentPostprocessing = 0;
		};
/* End PBXSourcesBuildPhase section */

/* Begin PBXVariantGroup section */
		567E1571224E7CD900CC7782 /* Main.storyboard */ = {
			isa = PBXVariantGroup;
			children = (
				567E1572224E7CD900CC7782 /* Base */,
			);
			name = Main.storyboard;
			sourceTree = "<group>";
		};
		567E1576224E7CDB00CC7782 /* LaunchScreen.storyboard */ = {
			isa = PBXVariantGroup;
			children = (
				567E1577224E7CDB00CC7782 /* Base */,
			);
			name = LaunchScreen.storyboard;
			sourceTree = "<group>";
		};
/* End PBXVariantGroup section */

/* Begin XCBuildConfiguration section */
		567E157A224E7CDB00CC7782 /* Debug */ = {
			isa = XCBuildConfiguration;
			buildSettings = {
				ALWAYS_SEARCH_USER_PATHS = NO;
				CLANG_ANALYZER_NONNULL = YES;
				CLANG_ANALYZER_NUMBER_OBJECT_CONVERSION = YES_AGGRESSIVE;
				CLANG_CXX_LANGUAGE_STANDARD = "gnu++14";
				CLANG_CXX_LIBRARY = "libc++";
				CLANG_ENABLE_MODULES = YES;
				CLANG_ENABLE_OBJC_ARC = YES;
				CLANG_ENABLE_OBJC_WEAK = YES;
				CLANG_WARN_BLOCK_CAPTURE_AUTORELEASING = YES;
				CLANG_WARN_BOOL_CONVERSION = YES;
				CLANG_WARN_COMMA = YES;
				CLANG_WARN_CONSTANT_CONVERSION = YES;
				CLANG_WARN_DEPRECATED_OBJC_IMPLEMENTATIONS = YES;
				CLANG_WARN_DIRECT_OBJC_ISA_USAGE = YES_ERROR;
				CLANG_WARN_DOCUMENTATION_COMMENTS = YES;
				CLANG_WARN_EMPTY_BODY = YES;
				CLANG_WARN_ENUM_CONVERSION = YES;
				CLANG_WARN_INFINITE_RECURSION = YES;
				CLANG_WARN_INT_CONVERSION = YES;
				CLANG_WARN_NON_LITERAL_NULL_CONVERSION = YES;
				CLANG_WARN_OBJC_IMPLICIT_RETAIN_SELF = YES;
				CLANG_WARN_OBJC_LITERAL_CONVERSION = YES;
				CLANG_WARN_OBJC_ROOT_CLASS = YES_ERROR;
				CLANG_WARN_RANGE_LOOP_ANALYSIS = YES;
				CLANG_WARN_STRICT_PROTOTYPES = YES;
				CLANG_WARN_SUSPICIOUS_MOVE = YES;
				CLANG_WARN_UNGUARDED_AVAILABILITY = YES_AGGRESSIVE;
				CLANG_WARN_UNREACHABLE_CODE = YES;
				CLANG_WARN__DUPLICATE_METHOD_MATCH = YES;
				CODE_SIGN_IDENTITY = "iPhone Developer";
				COPY_PHASE_STRIP = NO;
				DEBUG_INFORMATION_FORMAT = dwarf;
				ENABLE_STRICT_OBJC_MSGSEND = YES;
				ENABLE_TESTABILITY = YES;
				GCC_C_LANGUAGE_STANDARD = gnu11;
				GCC_DYNAMIC_NO_PIC = NO;
				GCC_NO_COMMON_BLOCKS = YES;
				GCC_OPTIMIZATION_LEVEL = 0;
				GCC_PREPROCESSOR_DEFINITIONS = (
					"DEBUG=1",
					"$(inherited)",
				);
				GCC_WARN_64_TO_32_BIT_CONVERSION = YES;
				GCC_WARN_ABOUT_RETURN_TYPE = YES_ERROR;
				GCC_WARN_UNDECLARED_SELECTOR = YES;
				GCC_WARN_UNINITIALIZED_AUTOS = YES_AGGRESSIVE;
				GCC_WARN_UNUSED_FUNCTION = YES;
				GCC_WARN_UNUSED_VARIABLE = YES;
				IPHONEOS_DEPLOYMENT_TARGET = 12.2;
				MTL_ENABLE_DEBUG_INFO = INCLUDE_SOURCE;
				MTL_FAST_MATH = YES;
				ONLY_ACTIVE_ARCH = YES;
				SDKROOT = iphoneos;
				SWIFT_ACTIVE_COMPILATION_CONDITIONS = DEBUG;
				SWIFT_OPTIMIZATION_LEVEL = "-Onone";
			};
			name = Debug;
		};
		567E157B224E7CDB00CC7782 /* Release */ = {
			isa = XCBuildConfiguration;
			buildSettings = {
				ALWAYS_SEARCH_USER_PATHS = NO;
				CLANG_ANALYZER_NONNULL = YES;
				CLANG_ANALYZER_NUMBER_OBJECT_CONVERSION = YES_AGGRESSIVE;
				CLANG_CXX_LANGUAGE_STANDARD = "gnu++14";
				CLANG_CXX_LIBRARY = "libc++";
				CLANG_ENABLE_MODULES = YES;
				CLANG_ENABLE_OBJC_ARC = YES;
				CLANG_ENABLE_OBJC_WEAK = YES;
				CLANG_WARN_BLOCK_CAPTURE_AUTORELEASING = YES;
				CLANG_WARN_BOOL_CONVERSION = YES;
				CLANG_WARN_COMMA = YES;
				CLANG_WARN_CONSTANT_CONVERSION = YES;
				CLANG_WARN_DEPRECATED_OBJC_IMPLEMENTATIONS = YES;
				CLANG_WARN_DIRECT_OBJC_ISA_USAGE = YES_ERROR;
				CLANG_WARN_DOCUMENTATION_COMMENTS = YES;
				CLANG_WARN_EMPTY_BODY = YES;
				CLANG_WARN_ENUM_CONVERSION = YES;
				CLANG_WARN_INFINITE_RECURSION = YES;
				CLANG_WARN_INT_CONVERSION = YES;
				CLANG_WARN_NON_LITERAL_NULL_CONVERSION = YES;
				CLANG_WARN_OBJC_IMPLICIT_RETAIN_SELF = YES;
				CLANG_WARN_OBJC_LITERAL_CONVERSION = YES;
				CLANG_WARN_OBJC_ROOT_CLASS = YES_ERROR;
				CLANG_WARN_RANGE_LOOP_ANALYSIS = YES;
				CLANG_WARN_STRICT_PROTOTYPES = YES;
				CLANG_WARN_SUSPICIOUS_MOVE = YES;
				CLANG_WARN_UNGUARDED_AVAILABILITY = YES_AGGRESSIVE;
				CLANG_WARN_UNREACHABLE_CODE = YES;
				CLANG_WARN__DUPLICATE_METHOD_MATCH = YES;
				CODE_SIGN_IDENTITY = "iPhone Developer";
				COPY_PHASE_STRIP = NO;
				DEBUG_INFORMATION_FORMAT = "dwarf-with-dsym";
				ENABLE_NS_ASSERTIONS = NO;
				ENABLE_STRICT_OBJC_MSGSEND = YES;
				GCC_C_LANGUAGE_STANDARD = gnu11;
				GCC_NO_COMMON_BLOCKS = YES;
				GCC_WARN_64_TO_32_BIT_CONVERSION = YES;
				GCC_WARN_ABOUT_RETURN_TYPE = YES_ERROR;
				GCC_WARN_UNDECLARED_SELECTOR = YES;
				GCC_WARN_UNINITIALIZED_AUTOS = YES_AGGRESSIVE;
				GCC_WARN_UNUSED_FUNCTION = YES;
				GCC_WARN_UNUSED_VARIABLE = YES;
				IPHONEOS_DEPLOYMENT_TARGET = 12.2;
				MTL_ENABLE_DEBUG_INFO = NO;
				MTL_FAST_MATH = YES;
				SDKROOT = iphoneos;
				SWIFT_COMPILATION_MODE = wholemodule;
				SWIFT_OPTIMIZATION_LEVEL = "-O";
				VALIDATE_PRODUCT = YES;
			};
			name = Release;
		};
		567E157D224E7CDB00CC7782 /* Debug */ = {
			isa = XCBuildConfiguration;
			buildSettings = {
				ASSETCATALOG_COMPILER_APPICON_NAME = AppIcon;
				CODE_SIGN_STYLE = Automatic;
				DEVELOPMENT_TEAM = KMJG654R42;
				INFOPLIST_FILE = GroupedMessage/Info.plist;
				LD_RUNPATH_SEARCH_PATHS = (
					"$(inherited)",
					"@executable_path/Frameworks",
				);
				PRODUCT_BUNDLE_IDENTIFIER = ru.Pelmondo.GroupedMessage;
				PRODUCT_NAME = "$(TARGET_NAME)";
				SWIFT_VERSION = 5.0;
				TARGETED_DEVICE_FAMILY = "1,2";
			};
			name = Debug;
		};
		567E157E224E7CDB00CC7782 /* Release */ = {
			isa = XCBuildConfiguration;
			buildSettings = {
				ASSETCATALOG_COMPILER_APPICON_NAME = AppIcon;
				CODE_SIGN_STYLE = Automatic;
				DEVELOPMENT_TEAM = KMJG654R42;
				INFOPLIST_FILE = GroupedMessage/Info.plist;
				LD_RUNPATH_SEARCH_PATHS = (
					"$(inherited)",
					"@executable_path/Frameworks",
				);
				PRODUCT_BUNDLE_IDENTIFIER = ru.Pelmondo.GroupedMessage;
				PRODUCT_NAME = "$(TARGET_NAME)";
				SWIFT_VERSION = 5.0;
				TARGETED_DEVICE_FAMILY = "1,2";
			};
			name = Release;
		};
/* End XCBuildConfiguration section */

/* Begin XCConfigurationList section */
		567E1565224E7CD900CC7782 /* Build configuration list for PBXProject "GroupedMessage" */ = {
			isa = XCConfigurationList;
			buildConfigurations = (
				567E157A224E7CDB00CC7782 /* Debug */,
				567E157B224E7CDB00CC7782 /* Release */,
			);
			defaultConfigurationIsVisible = 0;
			defaultConfigurationName = Release;
		};
		567E157C224E7CDB00CC7782 /* Build configuration list for PBXNativeTarget "GroupedMessage" */ = {
			isa = XCConfigurationList;
			buildConfigurations = (
				567E157D224E7CDB00CC7782 /* Debug */,
				567E157E224E7CDB00CC7782 /* Release */,
			);
			defaultConfigurationIsVisible = 0;
			defaultConfigurationName = Release;
		};
/* End XCConfigurationList section */
	};
	rootObject = 567E1562224E7CD900CC7782 /* Project object */;
}
